{
  "version": 4,
  "terraform_version": "1.9.5",
  "serial": 431,
  "lineage": "c8ed4e8d-c093-b621-f2ee-a401194f026c",
  "outputs": {
    "api_url": {
      "value": "https://2wu18jq950.execute-api.us-east-1.amazonaws.com/prod",
      "type": "string"
    },
    "instance_public_ip": {
      "value": "54.234.175.143",
      "type": "string"
    }
  },
  "resources": [
    {
      "mode": "data",
      "type": "aws_iam_policy_document",
      "name": "order_queue_policy",
      "provider": "provider[\"registry.terraform.io/hashicorp/aws\"]",
      "instances": [
        {
          "schema_version": 0,
          "attributes": {
            "id": "2037010047",
            "json": "{\n  \"Version\": \"2012-10-17\",\n  \"Statement\": [\n    {\n      \"Effect\": \"Allow\",\n      \"Action\": \"sqs:*\",\n      \"Resource\": \"arn:aws:sqs:us-east-1:014498640669:order-processing-queue\",\n      \"Principal\": {\n        \"AWS\": \"*\"\n      }\n    }\n  ]\n}",
            "minified_json": "{\"Version\":\"2012-10-17\",\"Statement\":[{\"Effect\":\"Allow\",\"Action\":\"sqs:*\",\"Resource\":\"arn:aws:sqs:us-east-1:014498640669:order-processing-queue\",\"Principal\":{\"AWS\":\"*\"}}]}",
            "override_json": null,
            "override_policy_documents": null,
            "policy_id": null,
            "source_json": null,
            "source_policy_documents": null,
            "statement": [
              {
                "actions": [
                  "sqs:*"
                ],
                "condition": [],
                "effect": "Allow",
                "not_actions": [],
                "not_principals": [],
                "not_resources": [],
                "principals": [
                  {
                    "identifiers": [
                      "*"
                    ],
                    "type": "AWS"
                  }
                ],
                "resources": [
                  "arn:aws:sqs:us-east-1:014498640669:order-processing-queue"
                ],
                "sid": ""
              }
            ],
            "version": "2012-10-17"
          },
          "sensitive_attributes": []
        }
      ]
    },
    {
      "mode": "managed",
      "type": "aws_api_gateway_deployment",
      "name": "deployment",
      "provider": "provider[\"registry.terraform.io/hashicorp/aws\"]",
      "instances": [
        {
          "schema_version": 0,
          "attributes": {
            "canary_settings": [],
            "created_date": "2024-10-05T17:12:04Z",
            "description": "",
            "execution_arn": "arn:aws:execute-api:us-east-1:014498640669:2wu18jq950/prod",
            "id": "s1zfgt",
            "invoke_url": "https://2wu18jq950.execute-api.us-east-1.amazonaws.com/prod",
            "rest_api_id": "2wu18jq950",
            "stage_description": null,
            "stage_name": "prod",
            "triggers": null,
            "variables": null
          },
          "sensitive_attributes": [],
          "private": "bnVsbA==",
          "dependencies": [
            "aws_api_gateway_integration.proxy_integration",
            "aws_api_gateway_integration.root_integration",
            "aws_api_gateway_method.proxy_method",
            "aws_api_gateway_method.root_method",
            "aws_api_gateway_resource.root_resource",
            "aws_api_gateway_rest_api.api",
            "aws_s3_bucket.static_site_bucket"
          ]
        }
      ]
    },
    {
      "mode": "managed",
      "type": "aws_api_gateway_integration",
      "name": "options_integration",
      "provider": "provider[\"registry.terraform.io/hashicorp/aws\"]",
      "instances": [
        {
          "schema_version": 0,
          "attributes": {
            "cache_key_parameters": [],
            "cache_namespace": "yxr3z0",
            "connection_id": "",
            "connection_type": "INTERNET",
            "content_handling": "",
            "credentials": "",
            "http_method": "OPTIONS",
            "id": "agi-2wu18jq950-yxr3z0-OPTIONS",
            "integration_http_method": "",
            "passthrough_behavior": "WHEN_NO_MATCH",
            "request_parameters": {},
            "request_templates": {
              "application/json": "{\"statusCode\": 200}"
            },
            "resource_id": "yxr3z0",
            "rest_api_id": "2wu18jq950",
            "timeout_milliseconds": 29000,
            "tls_config": [],
            "type": "MOCK",
            "uri": ""
          },
          "sensitive_attributes": [],
          "private": "bnVsbA==",
          "dependencies": [
            "aws_api_gateway_method.options_method",
            "aws_api_gateway_resource.root_resource",
            "aws_api_gateway_rest_api.api"
          ]
        }
      ]
    },
    {
      "mode": "managed",
      "type": "aws_api_gateway_integration",
      "name": "proxy_integration",
      "provider": "provider[\"registry.terraform.io/hashicorp/aws\"]",
      "instances": [
        {
          "schema_version": 0,
          "attributes": {
            "cache_key_parameters": [],
            "cache_namespace": "yxr3z0",
            "connection_id": "",
            "connection_type": "INTERNET",
            "content_handling": "",
            "credentials": "",
            "http_method": "ANY",
            "id": "agi-2wu18jq950-yxr3z0-ANY",
            "integration_http_method": "ANY",
            "passthrough_behavior": "WHEN_NO_MATCH",
            "request_parameters": {
              "integration.request.path.proxy": "method.request.path.proxy"
            },
            "request_templates": {},
            "resource_id": "yxr3z0",
            "rest_api_id": "2wu18jq950",
            "timeout_milliseconds": 29000,
            "tls_config": [],
            "type": "HTTP_PROXY",
            "uri": "http://s3-static-hosting-prateek-poc.s3-website-us-east-1.amazonaws.com/{proxy}"
          },
          "sensitive_attributes": [],
          "private": "bnVsbA==",
          "dependencies": [
            "aws_api_gateway_method.proxy_method",
            "aws_api_gateway_resource.root_resource",
            "aws_api_gateway_rest_api.api",
            "aws_s3_bucket.static_site_bucket"
          ]
        }
      ]
    },
    {
      "mode": "managed",
      "type": "aws_api_gateway_integration",
      "name": "root_integration",
      "provider": "provider[\"registry.terraform.io/hashicorp/aws\"]",
      "instances": [
        {
          "schema_version": 0,
          "attributes": {
            "cache_key_parameters": [],
            "cache_namespace": "ng6ag7f4yk",
            "connection_id": "",
            "connection_type": "INTERNET",
            "content_handling": "",
            "credentials": "",
            "http_method": "ANY",
            "id": "agi-2wu18jq950-ng6ag7f4yk-ANY",
            "integration_http_method": "ANY",
            "passthrough_behavior": "WHEN_NO_MATCH",
            "request_parameters": {},
            "request_templates": {},
            "resource_id": "ng6ag7f4yk",
            "rest_api_id": "2wu18jq950",
            "timeout_milliseconds": 29000,
            "tls_config": [],
            "type": "HTTP_PROXY",
            "uri": "http://s3-static-hosting-prateek-poc.s3-website-us-east-1.amazonaws.com"
          },
          "sensitive_attributes": [],
          "private": "bnVsbA==",
          "dependencies": [
            "aws_api_gateway_method.root_method",
            "aws_api_gateway_rest_api.api",
            "aws_s3_bucket.static_site_bucket"
          ]
        }
      ]
    },
    {
      "mode": "managed",
      "type": "aws_api_gateway_integration_response",
      "name": "options_integration_response",
      "provider": "provider[\"registry.terraform.io/hashicorp/aws\"]",
      "instances": [
        {
          "schema_version": 0,
          "attributes": {
            "content_handling": "",
            "http_method": "OPTIONS",
            "id": "agir-2wu18jq950-yxr3z0-OPTIONS-200",
            "resource_id": "yxr3z0",
            "response_parameters": {
              "method.response.header.Access-Control-Allow-Headers": "'Content-Type,X-Amz-Date,Authorization,X-Api-Key,X-Amz-Security-Token'",
              "method.response.header.Access-Control-Allow-Methods": "'GET,OPTIONS,POST,PUT'",
              "method.response.header.Access-Control-Allow-Origin": "'*'"
            },
            "response_templates": {},
            "rest_api_id": "2wu18jq950",
            "selection_pattern": "",
            "status_code": "200"
          },
          "sensitive_attributes": [],
          "private": "bnVsbA==",
          "dependencies": [
            "aws_api_gateway_method.options_method",
            "aws_api_gateway_method_response.options_200",
            "aws_api_gateway_resource.root_resource",
            "aws_api_gateway_rest_api.api"
          ]
        }
      ]
    },
    {
      "mode": "managed",
      "type": "aws_api_gateway_method",
      "name": "options_method",
      "provider": "provider[\"registry.terraform.io/hashicorp/aws\"]",
      "instances": [
        {
          "schema_version": 0,
          "attributes": {
            "api_key_required": false,
            "authorization": "NONE",
            "authorization_scopes": [],
            "authorizer_id": "",
            "http_method": "OPTIONS",
            "id": "agm-2wu18jq950-yxr3z0-OPTIONS",
            "operation_name": "",
            "request_models": {},
            "request_parameters": {},
            "request_validator_id": "",
            "resource_id": "yxr3z0",
            "rest_api_id": "2wu18jq950"
          },
          "sensitive_attributes": [],
          "private": "bnVsbA==",
          "dependencies": [
            "aws_api_gateway_resource.root_resource",
            "aws_api_gateway_rest_api.api"
          ]
        }
      ]
    },
    {
      "mode": "managed",
      "type": "aws_api_gateway_method",
      "name": "proxy_method",
      "provider": "provider[\"registry.terraform.io/hashicorp/aws\"]",
      "instances": [
        {
          "schema_version": 0,
          "attributes": {
            "api_key_required": false,
            "authorization": "NONE",
            "authorization_scopes": [],
            "authorizer_id": "",
            "http_method": "ANY",
            "id": "agm-2wu18jq950-yxr3z0-ANY",
            "operation_name": "",
            "request_models": {},
            "request_parameters": {
              "method.request.path.proxy": true
            },
            "request_validator_id": "",
            "resource_id": "yxr3z0",
            "rest_api_id": "2wu18jq950"
          },
          "sensitive_attributes": [],
          "private": "bnVsbA==",
          "dependencies": [
            "aws_api_gateway_resource.root_resource",
            "aws_api_gateway_rest_api.api"
          ]
        }
      ]
    },
    {
      "mode": "managed",
      "type": "aws_api_gateway_method",
      "name": "root_method",
      "provider": "provider[\"registry.terraform.io/hashicorp/aws\"]",
      "instances": [
        {
          "schema_version": 0,
          "attributes": {
            "api_key_required": false,
            "authorization": "NONE",
            "authorization_scopes": [],
            "authorizer_id": "",
            "http_method": "ANY",
            "id": "agm-2wu18jq950-ng6ag7f4yk-ANY",
            "operation_name": "",
            "request_models": {},
            "request_parameters": {},
            "request_validator_id": "",
            "resource_id": "ng6ag7f4yk",
            "rest_api_id": "2wu18jq950"
          },
          "sensitive_attributes": [],
          "private": "bnVsbA==",
          "dependencies": [
            "aws_api_gateway_rest_api.api"
          ]
        }
      ]
    },
    {
      "mode": "managed",
      "type": "aws_api_gateway_method_response",
      "name": "options_200",
      "provider": "provider[\"registry.terraform.io/hashicorp/aws\"]",
      "instances": [
        {
          "schema_version": 0,
          "attributes": {
            "http_method": "OPTIONS",
            "id": "agmr-2wu18jq950-yxr3z0-OPTIONS-200",
            "resource_id": "yxr3z0",
            "response_models": {},
            "response_parameters": {
              "method.response.header.Access-Control-Allow-Headers": true,
              "method.response.header.Access-Control-Allow-Methods": true,
              "method.response.header.Access-Control-Allow-Origin": true
            },
            "rest_api_id": "2wu18jq950",
            "status_code": "200"
          },
          "sensitive_attributes": [],
          "private": "bnVsbA==",
          "dependencies": [
            "aws_api_gateway_method.options_method",
            "aws_api_gateway_resource.root_resource",
            "aws_api_gateway_rest_api.api"
          ]
        }
      ]
    },
    {
      "mode": "managed",
      "type": "aws_api_gateway_resource",
      "name": "root_resource",
      "provider": "provider[\"registry.terraform.io/hashicorp/aws\"]",
      "instances": [
        {
          "schema_version": 0,
          "attributes": {
            "id": "yxr3z0",
            "parent_id": "ng6ag7f4yk",
            "path": "/{proxy+}",
            "path_part": "{proxy+}",
            "rest_api_id": "2wu18jq950"
          },
          "sensitive_attributes": [],
          "private": "bnVsbA==",
          "dependencies": [
            "aws_api_gateway_rest_api.api"
          ]
        }
      ]
    },
    {
      "mode": "managed",
      "type": "aws_api_gateway_rest_api",
      "name": "api",
      "provider": "provider[\"registry.terraform.io/hashicorp/aws\"]",
      "instances": [
        {
          "schema_version": 0,
          "attributes": {
            "api_key_source": "HEADER",
            "arn": "arn:aws:apigateway:us-east-1::/restapis/2wu18jq950",
            "binary_media_types": [],
            "body": null,
            "created_date": "2024-10-05T16:53:55Z",
            "description": "API Gateway to serve S3 static website",
            "disable_execute_api_endpoint": false,
            "endpoint_configuration": [
              {
                "types": [
                  "EDGE"
                ],
                "vpc_endpoint_ids": []
              }
            ],
            "execution_arn": "arn:aws:execute-api:us-east-1:014498640669:2wu18jq950",
            "fail_on_warnings": null,
            "id": "2wu18jq950",
            "minimum_compression_size": "",
            "name": "S3StaticSiteAPI",
            "parameters": null,
            "policy": "",
            "put_rest_api_mode": null,
            "root_resource_id": "ng6ag7f4yk",
            "tags": {},
            "tags_all": {}
          },
          "sensitive_attributes": [],
          "private": "bnVsbA=="
        }
      ]
    },
    {
      "mode": "managed",
      "type": "aws_db_instance",
      "name": "primary",
      "provider": "provider[\"registry.terraform.io/hashicorp/aws\"]",
      "instances": [
        {
          "schema_version": 2,
          "attributes": {
            "address": "primary-db-instance.c7u2i2wuscy1.us-east-1.rds.amazonaws.com",
            "allocated_storage": 20,
            "allow_major_version_upgrade": null,
            "apply_immediately": false,
            "arn": "arn:aws:rds:us-east-1:014498640669:db:primary-db-instance",
            "auto_minor_version_upgrade": true,
            "availability_zone": "us-east-1b",
            "backup_retention_period": 1,
            "backup_target": "region",
            "backup_window": "07:02-07:32",
            "blue_green_update": [],
            "ca_cert_identifier": "rds-ca-rsa2048-g1",
            "character_set_name": "",
            "copy_tags_to_snapshot": false,
            "custom_iam_instance_profile": "",
            "customer_owned_ip_enabled": false,
            "db_name": "primarydb",
            "db_subnet_group_name": "default",
            "dedicated_log_volume": false,
            "delete_automated_backups": true,
            "deletion_protection": false,
            "domain": "",
            "domain_auth_secret_arn": "",
            "domain_dns_ips": [],
            "domain_fqdn": "",
            "domain_iam_role_name": "",
            "domain_ou": "",
            "enabled_cloudwatch_logs_exports": [],
            "endpoint": "primary-db-instance.c7u2i2wuscy1.us-east-1.rds.amazonaws.com:5432",
            "engine": "postgres",
            "engine_lifecycle_support": "open-source-rds-extended-support",
            "engine_version": "14",
            "engine_version_actual": "14.12",
            "final_snapshot_identifier": null,
            "hosted_zone_id": "Z2R2ITUGPM61AM",
            "iam_database_authentication_enabled": false,
            "id": "db-LYWLR23DDZ3AJO6CHGYRQFZIKI",
            "identifier": "primary-db-instance",
            "identifier_prefix": "",
            "instance_class": "db.t3.micro",
            "iops": 0,
            "kms_key_id": "",
            "latest_restorable_time": "2024-10-05T17:39:37Z",
            "license_model": "postgresql-license",
            "listener_endpoint": [],
            "maintenance_window": "mon:09:44-mon:10:14",
            "manage_master_user_password": null,
            "master_user_secret": [],
            "master_user_secret_kms_key_id": null,
            "max_allocated_storage": 0,
            "monitoring_interval": 0,
            "monitoring_role_arn": "",
            "multi_az": false,
            "nchar_character_set_name": "",
            "network_type": "IPV4",
            "option_group_name": "default:postgres-14",
            "parameter_group_name": "default.postgres14",
            "password": "oracledatabase",
            "performance_insights_enabled": false,
            "performance_insights_kms_key_id": "",
            "performance_insights_retention_period": 0,
            "port": 5432,
            "publicly_accessible": true,
            "replica_mode": "",
            "replicas": [],
            "replicate_source_db": "",
            "resource_id": "db-LYWLR23DDZ3AJO6CHGYRQFZIKI",
            "restore_to_point_in_time": [],
            "s3_import": [],
            "skip_final_snapshot": true,
            "snapshot_identifier": null,
            "status": "available",
            "storage_encrypted": false,
            "storage_throughput": 0,
            "storage_type": "gp2",
            "tags": {
              "Name": "PrimaryDB"
            },
            "tags_all": {
              "Name": "PrimaryDB"
            },
            "timeouts": null,
            "timezone": "",
            "upgrade_storage_config": null,
            "username": "prateek",
            "vpc_security_group_ids": [
              "sg-0d6b40e4470e6b0e0"
            ]
          },
          "sensitive_attributes": [
            [
              {
                "type": "get_attr",
                "value": "password"
              }
            ]
          ],
          "private": "eyJlMmJmYjczMC1lY2FhLTExZTYtOGY4OC0zNDM2M2JjN2M0YzAiOnsiY3JlYXRlIjoyNDAwMDAwMDAwMDAwLCJkZWxldGUiOjM2MDAwMDAwMDAwMDAsInVwZGF0ZSI6NDgwMDAwMDAwMDAwMH0sInNjaGVtYV92ZXJzaW9uIjoiMiJ9",
          "dependencies": [
            "aws_security_group.rds_sg"
          ]
        }
      ]
    },
    {
      "mode": "managed",
      "type": "aws_db_subnet_group",
      "name": "rds_subnet_group",
      "provider": "provider[\"registry.terraform.io/hashicorp/aws\"]",
      "instances": [
        {
          "schema_version": 0,
          "attributes": {
            "arn": "arn:aws:rds:us-east-1:014498640669:subgrp:rds-subnet-group",
            "description": "Managed by Terraform",
            "id": "rds-subnet-group",
            "name": "rds-subnet-group",
            "name_prefix": "",
            "subnet_ids": [
              "subnet-010cda0f685dbc159",
              "subnet-03725068c7adfc3b8",
              "subnet-04d17f7336d7b99d6",
              "subnet-0836d3f68d5eb1fec",
              "subnet-0abd514b027bac78c",
              "subnet-0b410f7c1dcd82b46"
            ],
            "supported_network_types": [
              "IPV4"
            ],
            "tags": {
              "Name": "RDS Subnet Group"
            },
            "tags_all": {
              "Name": "RDS Subnet Group"
            },
            "vpc_id": "vpc-0de37fbbc866cf6e7"
          },
          "sensitive_attributes": [],
          "private": "bnVsbA=="
        }
      ]
    },
    {
      "mode": "managed",
      "type": "aws_dynamodb_table",
      "name": "my_table",
      "provider": "provider[\"registry.terraform.io/hashicorp/aws\"]",
      "instances": [
        {
          "schema_version": 1,
          "attributes": {
            "arn": "arn:aws:dynamodb:us-east-1:014498640669:table/my-dynamodb-table",
            "attribute": [
              {
                "name": "id",
                "type": "S"
              }
            ],
            "billing_mode": "PAY_PER_REQUEST",
            "deletion_protection_enabled": false,
            "global_secondary_index": [],
            "hash_key": "id",
            "id": "my-dynamodb-table",
            "import_table": [],
            "local_secondary_index": [],
            "name": "my-dynamodb-table",
            "point_in_time_recovery": [
              {
                "enabled": false
              }
            ],
            "range_key": null,
            "read_capacity": 0,
            "replica": [],
            "restore_date_time": null,
            "restore_source_name": null,
            "restore_source_table_arn": null,
            "restore_to_latest_time": null,
            "server_side_encryption": [],
            "stream_arn": "",
            "stream_enabled": false,
            "stream_label": "",
            "stream_view_type": "",
            "table_class": "STANDARD",
            "tags": {},
            "tags_all": {},
            "timeouts": null,
            "ttl": [
              {
                "attribute_name": "",
                "enabled": false
              }
            ],
            "write_capacity": 0
          },
          "sensitive_attributes": [],
          "private": "eyJlMmJmYjczMC1lY2FhLTExZTYtOGY4OC0zNDM2M2JjN2M0YzAiOnsiY3JlYXRlIjoxODAwMDAwMDAwMDAwLCJkZWxldGUiOjYwMDAwMDAwMDAwMCwidXBkYXRlIjozNjAwMDAwMDAwMDAwfSwic2NoZW1hX3ZlcnNpb24iOiIxIn0="
        }
      ]
    },
    {
      "mode": "managed",
      "type": "aws_iam_instance_profile",
      "name": "ec2_access_profile",
      "provider": "provider[\"registry.terraform.io/hashicorp/aws\"]",
      "instances": [
        {
          "schema_version": 0,
          "attributes": {
            "arn": "arn:aws:iam::014498640669:instance-profile/ec2_access_profile",
            "create_date": "2024-10-05T17:37:07Z",
            "id": "ec2_access_profile",
            "name": "ec2_access_profile",
            "name_prefix": "",
            "path": "/",
            "role": "ec2_access_role",
            "tags": {},
            "tags_all": {},
            "unique_id": "AIPAQGYBPWMOWLVCPFZDL"
          },
          "sensitive_attributes": [],
          "private": "bnVsbA==",
          "dependencies": [
            "aws_iam_role.ec2_access_role"
          ]
        }
      ]
    },
    {
      "mode": "managed",
      "type": "aws_iam_policy",
      "name": "glue_job_creation_policy",
      "provider": "provider[\"registry.terraform.io/hashicorp/aws\"]",
      "instances": [
        {
          "schema_version": 0,
          "attributes": {
            "arn": "arn:aws:iam::014498640669:policy/GlueJobCreationPolicy",
            "attachment_count": 1,
            "description": "Policy for creating Glue jobs",
            "id": "arn:aws:iam::014498640669:policy/GlueJobCreationPolicy",
            "name": "GlueJobCreationPolicy",
            "name_prefix": "",
            "path": "/",
            "policy": "{\"Statement\":[{\"Action\":[\"glue:CreateJob\",\"glue:GetJob\",\"glue:StartJobRun\",\"glue:UpdateJob\"],\"Effect\":\"Allow\",\"Resource\":\"*\"}],\"Version\":\"2012-10-17\"}",
            "policy_id": "ANPAQGYBPWMOZGGNOSRQQ",
            "tags": {},
            "tags_all": {}
          },
          "sensitive_attributes": [],
          "private": "bnVsbA=="
        }
      ]
    },
    {
      "mode": "managed",
      "type": "aws_iam_policy",
      "name": "lambda_policy",
      "provider": "provider[\"registry.terraform.io/hashicorp/aws\"]",
      "instances": [
        {
          "schema_version": 0,
          "attributes": {
            "arn": "arn:aws:iam::014498640669:policy/LambdaExecutionPolicy",
            "attachment_count": 1,
            "description": "IAM policy for Lambda to access AWS services",
            "id": "arn:aws:iam::014498640669:policy/LambdaExecutionPolicy",
            "name": "LambdaExecutionPolicy",
            "name_prefix": "",
            "path": "/",
            "policy": "{\"Statement\":[{\"Action\":[\"logs:CreateLogGroup\",\"logs:CreateLogStream\",\"logs:PutLogEvents\"],\"Effect\":\"Allow\",\"Resource\":\"arn:aws:logs:*:*:*\"},{\"Action\":[\"firehose:PutRecord\",\"firehose:PutRecordBatch\"],\"Effect\":\"Allow\",\"Resource\":\"*\"},{\"Action\":[\"sqs:SendMessage\",\"sqs:ReceiveMessage\",\"sqs:DeleteMessage\",\"sqs:GetQueueAttributes\"],\"Effect\":\"Allow\",\"Resource\":\"*\"},{\"Action\":\"s3:*\",\"Effect\":\"Allow\",\"Resource\":[\"arn:aws:s3:::app-bucket-2lz9r655\",\"arn:aws:s3:::app-bucket-2lz9r655/*\"]},{\"Action\":[\"dynamodb:PutItem\",\"dynamodb:GetItem\",\"dynamodb:UpdateItem\",\"dynamodb:DeleteItem\",\"dynamodb:Query\",\"dynamodb:Scan\"],\"Effect\":\"Allow\",\"Resource\":\"arn:aws:dynamodb:us-east-1:014498640669:table/my-dynamodb-table\"}],\"Version\":\"2012-10-17\"}",
            "policy_id": "ANPAQGYBPWMOWEEYNPZAR",
            "tags": {},
            "tags_all": {}
          },
          "sensitive_attributes": [],
          "private": "bnVsbA==",
          "dependencies": [
            "aws_dynamodb_table.my_table",
            "aws_s3_bucket.app_bucket",
            "random_string.bucket_suffix"
          ]
        }
      ]
    },
    {
      "mode": "managed",
      "type": "aws_iam_role",
      "name": "consumer_role",
      "provider": "provider[\"registry.terraform.io/hashicorp/aws\"]",
      "instances": [
        {
          "schema_version": 0,
          "attributes": {
            "arn": "arn:aws:iam::014498640669:role/sqs-consumer-role",
            "assume_role_policy": "{\"Statement\":[{\"Action\":\"sts:AssumeRole\",\"Effect\":\"Allow\",\"Principal\":{\"Service\":\"ecs-tasks.amazonaws.com\"}}],\"Version\":\"2012-10-17\"}",
            "create_date": "2024-10-02T04:49:36Z",
            "description": "",
            "force_detach_policies": false,
            "id": "sqs-consumer-role",
            "inline_policy": [
              {
                "name": "sqs-consumer-policy",
                "policy": "{\"Version\":\"2012-10-17\",\"Statement\":[{\"Action\":[\"sqs:ReceiveMessage\",\"sqs:DeleteMessage\",\"sqs:GetQueueAttributes\"],\"Effect\":\"Allow\",\"Resource\":\"arn:aws:sqs:us-east-1:014498640669:order-processing-queue\"}]}"
              }
            ],
            "managed_policy_arns": [],
            "max_session_duration": 3600,
            "name": "sqs-consumer-role",
            "name_prefix": "",
            "path": "/",
            "permissions_boundary": "",
            "tags": {},
            "tags_all": {},
            "unique_id": "AROAQGYBPWMO3A6K3EXFK"
          },
          "sensitive_attributes": [],
          "private": "bnVsbA=="
        }
      ]
    },
    {
      "mode": "managed",
      "type": "aws_iam_role",
      "name": "ec2_access_role",
      "provider": "provider[\"registry.terraform.io/hashicorp/aws\"]",
      "instances": [
        {
          "schema_version": 0,
          "attributes": {
            "arn": "arn:aws:iam::014498640669:role/ec2_access_role",
            "assume_role_policy": "{\"Statement\":[{\"Action\":\"sts:AssumeRole\",\"Effect\":\"Allow\",\"Principal\":{\"Service\":\"ec2.amazonaws.com\"}}],\"Version\":\"2012-10-17\"}",
            "create_date": "2024-10-05T17:37:06Z",
            "description": "",
            "force_detach_policies": false,
            "id": "ec2_access_role",
            "inline_policy": [
              {
                "name": "rds_access_policy",
                "policy": "{\"Version\":\"2012-10-17\",\"Statement\":[{\"Action\":[\"rds-db:connect\"],\"Effect\":\"Allow\",\"Resource\":\"arn:aws:rds:us-east-1:014498640669:db:primary-db-instance\"}]}"
              },
              {
                "name": "s3_access_policy",
                "policy": "{\"Version\":\"2012-10-17\",\"Statement\":[{\"Action\":[\"s3:GetObject\",\"s3:ListBucket\"],\"Effect\":\"Allow\",\"Resource\":[\"arn:aws:s3:::app-bucket-2lz9r655\",\"arn:aws:s3:::app-bucket-2lz9r655/*\"]}]}"
              }
            ],
            "managed_policy_arns": [],
            "max_session_duration": 3600,
            "name": "ec2_access_role",
            "name_prefix": "",
            "path": "/",
            "permissions_boundary": "",
            "tags": {},
            "tags_all": {},
            "unique_id": "AROAQGYBPWMO4TAUD74FF"
          },
          "sensitive_attributes": [],
          "private": "bnVsbA=="
        }
      ]
    },
    {
      "mode": "managed",
      "type": "aws_iam_role",
      "name": "glue_service_role",
      "provider": "provider[\"registry.terraform.io/hashicorp/aws\"]",
      "instances": [
        {
          "schema_version": 0,
          "attributes": {
            "arn": "arn:aws:iam::014498640669:role/GlueServiceRole",
            "assume_role_policy": "{\"Statement\":[{\"Action\":\"sts:AssumeRole\",\"Effect\":\"Allow\",\"Principal\":{\"Service\":\"glue.amazonaws.com\"}}],\"Version\":\"2012-10-17\"}",
            "create_date": "2024-10-02T04:40:23Z",
            "description": "",
            "force_detach_policies": false,
            "id": "GlueServiceRole",
            "inline_policy": [],
            "managed_policy_arns": [
              "arn:aws:iam::014498640669:policy/GlueJobCreationPolicy",
              "arn:aws:iam::aws:policy/AmazonS3FullAccess",
              "arn:aws:iam::aws:policy/service-role/AWSGlueServiceRole"
            ],
            "max_session_duration": 3600,
            "name": "GlueServiceRole",
            "name_prefix": "",
            "path": "/",
            "permissions_boundary": "",
            "tags": {},
            "tags_all": {},
            "unique_id": "AROAQGYBPWMOUVK7X4E2A"
          },
          "sensitive_attributes": [],
          "private": "bnVsbA=="
        }
      ]
    },
    {
      "mode": "managed",
      "type": "aws_iam_role",
      "name": "lambda_role",
      "provider": "provider[\"registry.terraform.io/hashicorp/aws\"]",
      "instances": [
        {
          "schema_version": 0,
          "attributes": {
            "arn": "arn:aws:iam::014498640669:role/LambdaExecutionRole",
            "assume_role_policy": "{\"Statement\":[{\"Action\":\"sts:AssumeRole\",\"Effect\":\"Allow\",\"Principal\":{\"Service\":\"lambda.amazonaws.com\"}}],\"Version\":\"2012-10-17\"}",
            "create_date": "2024-10-02T04:40:24Z",
            "description": "",
            "force_detach_policies": false,
            "id": "LambdaExecutionRole",
            "inline_policy": [],
            "managed_policy_arns": [
              "arn:aws:iam::014498640669:policy/LambdaExecutionPolicy"
            ],
            "max_session_duration": 3600,
            "name": "LambdaExecutionRole",
            "name_prefix": "",
            "path": "/",
            "permissions_boundary": "",
            "tags": {},
            "tags_all": {},
            "unique_id": "AROAQGYBPWMOUCIBZXHEH"
          },
          "sensitive_attributes": [],
          "private": "bnVsbA=="
        }
      ]
    },
    {
      "mode": "managed",
      "type": "aws_iam_role",
      "name": "producer_role",
      "provider": "provider[\"registry.terraform.io/hashicorp/aws\"]",
      "instances": [
        {
          "schema_version": 0,
          "attributes": {
            "arn": "arn:aws:iam::014498640669:role/sqs-producer-role",
            "assume_role_policy": "{\"Statement\":[{\"Action\":\"sts:AssumeRole\",\"Effect\":\"Allow\",\"Principal\":{\"Service\":\"ecs-tasks.amazonaws.com\"}}],\"Version\":\"2012-10-17\"}",
            "create_date": "2024-10-02T04:49:35Z",
            "description": "",
            "force_detach_policies": false,
            "id": "sqs-producer-role",
            "inline_policy": [
              {
                "name": "sqs-producer-policy",
                "policy": "{\"Version\":\"2012-10-17\",\"Statement\":[{\"Action\":\"sqs:SendMessage\",\"Effect\":\"Allow\",\"Resource\":\"arn:aws:sqs:us-east-1:014498640669:order-processing-queue\"}]}"
              }
            ],
            "managed_policy_arns": [],
            "max_session_duration": 3600,
            "name": "sqs-producer-role",
            "name_prefix": "",
            "path": "/",
            "permissions_boundary": "",
            "tags": {},
            "tags_all": {},
            "unique_id": "AROAQGYBPWMOS6MJ7CQCQ"
          },
          "sensitive_attributes": [],
          "private": "bnVsbA=="
        }
      ]
    },
    {
      "mode": "managed",
      "type": "aws_iam_role_policy",
      "name": "consumer_policy",
      "provider": "provider[\"registry.terraform.io/hashicorp/aws\"]",
      "instances": [
        {
          "schema_version": 0,
          "attributes": {
            "id": "sqs-consumer-role:sqs-consumer-policy",
            "name": "sqs-consumer-policy",
            "name_prefix": "",
            "policy": "{\"Version\":\"2012-10-17\",\"Statement\":[{\"Action\":[\"sqs:ReceiveMessage\",\"sqs:DeleteMessage\",\"sqs:GetQueueAttributes\"],\"Effect\":\"Allow\",\"Resource\":\"arn:aws:sqs:us-east-1:014498640669:order-processing-queue\"}]}",
            "role": "sqs-consumer-role"
          },
          "sensitive_attributes": [],
          "private": "bnVsbA==",
          "dependencies": [
            "aws_iam_role.consumer_role",
            "aws_sqs_queue.order_dlq",
            "aws_sqs_queue.order_queue"
          ]
        }
      ]
    },
    {
      "mode": "managed",
      "type": "aws_iam_role_policy",
      "name": "producer_policy",
      "provider": "provider[\"registry.terraform.io/hashicorp/aws\"]",
      "instances": [
        {
          "schema_version": 0,
          "attributes": {
            "id": "sqs-producer-role:sqs-producer-policy",
            "name": "sqs-producer-policy",
            "name_prefix": "",
            "policy": "{\"Version\":\"2012-10-17\",\"Statement\":[{\"Action\":\"sqs:SendMessage\",\"Effect\":\"Allow\",\"Resource\":\"arn:aws:sqs:us-east-1:014498640669:order-processing-queue\"}]}",
            "role": "sqs-producer-role"
          },
          "sensitive_attributes": [],
          "private": "bnVsbA==",
          "dependencies": [
            "aws_iam_role.producer_role",
            "aws_sqs_queue.order_dlq",
            "aws_sqs_queue.order_queue"
          ]
        }
      ]
    },
    {
      "mode": "managed",
      "type": "aws_iam_role_policy",
      "name": "rds_access_policy",
      "provider": "provider[\"registry.terraform.io/hashicorp/aws\"]",
      "instances": [
        {
          "schema_version": 0,
          "attributes": {
            "id": "ec2_access_role:rds_access_policy",
            "name": "rds_access_policy",
            "name_prefix": "",
            "policy": "{\"Version\":\"2012-10-17\",\"Statement\":[{\"Action\":[\"rds-db:connect\"],\"Effect\":\"Allow\",\"Resource\":\"arn:aws:rds:us-east-1:014498640669:db:primary-db-instance\"}]}",
            "role": "ec2_access_role"
          },
          "sensitive_attributes": [],
          "private": "bnVsbA==",
          "dependencies": [
            "aws_db_instance.primary",
            "aws_iam_role.ec2_access_role",
            "aws_security_group.rds_sg"
          ]
        }
      ]
    },
    {
      "mode": "managed",
      "type": "aws_iam_role_policy",
      "name": "s3_access_policy",
      "provider": "provider[\"registry.terraform.io/hashicorp/aws\"]",
      "instances": [
        {
          "schema_version": 0,
          "attributes": {
            "id": "ec2_access_role:s3_access_policy",
            "name": "s3_access_policy",
            "name_prefix": "",
            "policy": "{\"Version\":\"2012-10-17\",\"Statement\":[{\"Action\":[\"s3:GetObject\",\"s3:ListBucket\"],\"Effect\":\"Allow\",\"Resource\":[\"arn:aws:s3:::app-bucket-2lz9r655\",\"arn:aws:s3:::app-bucket-2lz9r655/*\"]}]}",
            "role": "ec2_access_role"
          },
          "sensitive_attributes": [],
          "private": "bnVsbA==",
          "dependencies": [
            "aws_iam_role.ec2_access_role",
            "aws_s3_bucket.app_bucket",
            "random_string.bucket_suffix"
          ]
        }
      ]
    },
    {
      "mode": "managed",
      "type": "aws_iam_role_policy_attachment",
      "name": "glue_job_creation_policy_attachment",
      "provider": "provider[\"registry.terraform.io/hashicorp/aws\"]",
      "instances": [
        {
          "schema_version": 0,
          "attributes": {
            "id": "GlueServiceRole-20241002044029229500000003",
            "policy_arn": "arn:aws:iam::014498640669:policy/GlueJobCreationPolicy",
            "role": "GlueServiceRole"
          },
          "sensitive_attributes": [],
          "private": "bnVsbA==",
          "dependencies": [
            "aws_iam_policy.glue_job_creation_policy",
            "aws_iam_role.glue_service_role"
          ]
        }
      ]
    },
    {
      "mode": "managed",
      "type": "aws_iam_role_policy_attachment",
      "name": "glue_s3_full_access",
      "provider": "provider[\"registry.terraform.io/hashicorp/aws\"]",
      "instances": [
        {
          "schema_version": 0,
          "attributes": {
            "id": "GlueServiceRole-20241002044029189300000002",
            "policy_arn": "arn:aws:iam::aws:policy/AmazonS3FullAccess",
            "role": "GlueServiceRole"
          },
          "sensitive_attributes": [],
          "private": "bnVsbA==",
          "dependencies": [
            "aws_iam_role.glue_service_role"
          ]
        }
      ]
    },
    {
      "mode": "managed",
      "type": "aws_iam_role_policy_attachment",
      "name": "glue_service_role",
      "provider": "provider[\"registry.terraform.io/hashicorp/aws\"]",
      "instances": [
        {
          "schema_version": 0,
          "attributes": {
            "id": "GlueServiceRole-20241002044029189300000001",
            "policy_arn": "arn:aws:iam::aws:policy/service-role/AWSGlueServiceRole",
            "role": "GlueServiceRole"
          },
          "sensitive_attributes": [],
          "private": "bnVsbA==",
          "dependencies": [
            "aws_iam_role.glue_service_role"
          ]
        }
      ]
    },
    {
      "mode": "managed",
      "type": "aws_iam_role_policy_attachment",
      "name": "lambda_policy_attachment",
      "provider": "provider[\"registry.terraform.io/hashicorp/aws\"]",
      "instances": [
        {
          "schema_version": 0,
          "attributes": {
            "id": "LambdaExecutionRole-20241002094049892100000001",
            "policy_arn": "arn:aws:iam::014498640669:policy/LambdaExecutionPolicy",
            "role": "LambdaExecutionRole"
          },
          "sensitive_attributes": [],
          "private": "bnVsbA==",
          "dependencies": [
            "aws_dynamodb_table.my_table",
            "aws_iam_policy.lambda_policy",
            "aws_iam_role.lambda_role",
            "aws_s3_bucket.app_bucket",
            "random_string.bucket_suffix"
          ]
        }
      ]
    },
    {
      "mode": "managed",
      "type": "aws_iam_role_policy_attachment",
      "name": "ssm_policy_attachment",
      "provider": "provider[\"registry.terraform.io/hashicorp/aws\"]",
      "instances": [
        {
          "schema_version": 0,
          "attributes": {
            "id": "ec2_access_role-20241005174312044100000001",
            "policy_arn": "arn:aws:iam::aws:policy/AmazonSSMManagedInstanceCore",
            "role": "ec2_access_role"
          },
          "sensitive_attributes": [],
          "private": "bnVsbA==",
          "dependencies": [
            "aws_iam_role.ec2_access_role"
          ]
        }
      ]
    },
    {
      "mode": "managed",
      "type": "aws_instance",
      "name": "app_server",
      "provider": "provider[\"registry.terraform.io/hashicorp/aws\"]",
      "instances": [
        {
          "schema_version": 1,
          "attributes": {
            "ami": "ami-0182f373e66f89c85",
            "arn": "arn:aws:ec2:us-east-1:014498640669:instance/i-0acb345e7d6d73864",
            "associate_public_ip_address": true,
            "availability_zone": "us-east-1d",
            "capacity_reservation_specification": [
              {
                "capacity_reservation_preference": "open",
                "capacity_reservation_target": []
              }
            ],
            "cpu_core_count": 1,
            "cpu_options": [
              {
                "amd_sev_snp": "",
                "core_count": 1,
                "threads_per_core": 1
              }
            ],
            "cpu_threads_per_core": 1,
            "credit_specification": [
              {
                "cpu_credits": "standard"
              }
            ],
            "disable_api_stop": false,
            "disable_api_termination": false,
            "ebs_block_device": [],
            "ebs_optimized": false,
            "enclave_options": [
              {
                "enabled": false
              }
            ],
            "ephemeral_block_device": [],
            "get_password_data": false,
            "hibernation": false,
            "host_id": "",
            "host_resource_group_arn": null,
            "iam_instance_profile": "ec2_access_profile",
            "id": "i-0acb345e7d6d73864",
            "instance_initiated_shutdown_behavior": "stop",
            "instance_lifecycle": "",
            "instance_market_options": [],
            "instance_state": "running",
            "instance_type": "t2.micro",
            "ipv6_address_count": 0,
            "ipv6_addresses": [],
            "key_name": "",
            "launch_template": [],
            "maintenance_options": [
              {
                "auto_recovery": "default"
              }
            ],
            "metadata_options": [
              {
                "http_endpoint": "enabled",
                "http_protocol_ipv6": "disabled",
                "http_put_response_hop_limit": 2,
                "http_tokens": "required",
                "instance_metadata_tags": "disabled"
              }
            ],
            "monitoring": false,
            "network_interface": [],
            "outpost_arn": "",
            "password_data": "",
            "placement_group": "",
            "placement_partition_number": 0,
            "primary_network_interface_id": "eni-021223c28124796bf",
            "private_dns": "ip-172-31-35-27.ec2.internal",
            "private_dns_name_options": [
              {
                "enable_resource_name_dns_a_record": false,
                "enable_resource_name_dns_aaaa_record": false,
                "hostname_type": "ip-name"
              }
            ],
            "private_ip": "172.31.35.27",
            "public_dns": "ec2-54-234-175-143.compute-1.amazonaws.com",
            "public_ip": "54.234.175.143",
            "root_block_device": [
              {
                "delete_on_termination": true,
                "device_name": "/dev/xvda",
                "encrypted": false,
                "iops": 3000,
                "kms_key_id": "",
                "tags": {},
                "tags_all": {},
                "throughput": 125,
                "volume_id": "vol-01177c5a2db0137f0",
                "volume_size": 8,
                "volume_type": "gp3"
              }
            ],
            "secondary_private_ips": [],
            "security_groups": [
              "app_server_security_group"
            ],
            "source_dest_check": true,
            "spot_instance_request_id": "",
            "subnet_id": "subnet-03725068c7adfc3b8",
            "tags": {
              "Name": "AppServerInstance"
            },
            "tags_all": {
              "Name": "AppServerInstance"
            },
            "tenancy": "default",
            "timeouts": null,
            "user_data": "aef402b6cddcae280336e5062c43926b11b614ea",
            "user_data_base64": null,
            "user_data_replace_on_change": false,
            "volume_tags": null,
            "vpc_security_group_ids": [
              "sg-00eefe50281403b2b"
            ]
          },
          "sensitive_attributes": [],
          "private": "eyJlMmJmYjczMC1lY2FhLTExZTYtOGY4OC0zNDM2M2JjN2M0YzAiOnsiY3JlYXRlIjo2MDAwMDAwMDAwMDAsImRlbGV0ZSI6MTIwMDAwMDAwMDAwMCwicmVhZCI6OTAwMDAwMDAwMDAwLCJ1cGRhdGUiOjYwMDAwMDAwMDAwMH0sInNjaGVtYV92ZXJzaW9uIjoiMSJ9",
          "dependencies": [
            "aws_iam_instance_profile.ec2_access_profile",
            "aws_iam_role.ec2_access_role",
            "aws_security_group.app_server_sg"
          ]
        }
      ]
    },
    {
      "mode": "managed",
      "type": "aws_network_acl",
      "name": "rds_nacl",
      "provider": "provider[\"registry.terraform.io/hashicorp/aws\"]",
      "instances": [
        {
          "schema_version": 0,
          "attributes": {
            "arn": "arn:aws:ec2:us-east-1:014498640669:network-acl/acl-024f01e1a099f28bd",
            "egress": [
              {
                "action": "allow",
                "cidr_block": "0.0.0.0/0",
                "from_port": 5432,
                "icmp_code": 0,
                "icmp_type": 0,
                "ipv6_cidr_block": "",
                "protocol": "6",
                "rule_no": 100,
                "to_port": 5432
              }
            ],
            "id": "acl-024f01e1a099f28bd",
            "ingress": [
              {
                "action": "allow",
                "cidr_block": "0.0.0.0/0",
                "from_port": 5432,
                "icmp_code": 0,
                "icmp_type": 0,
                "ipv6_cidr_block": "",
                "protocol": "6",
                "rule_no": 100,
                "to_port": 5432
              }
            ],
            "owner_id": "014498640669",
            "subnet_ids": [
              "subnet-010cda0f685dbc159",
              "subnet-03725068c7adfc3b8",
              "subnet-04d17f7336d7b99d6",
              "subnet-0836d3f68d5eb1fec",
              "subnet-0abd514b027bac78c",
              "subnet-0b410f7c1dcd82b46"
            ],
            "tags": {
              "Name": "RDS NACL"
            },
            "tags_all": {
              "Name": "RDS NACL"
            },
            "vpc_id": "vpc-0de37fbbc866cf6e7"
          },
          "sensitive_attributes": [],
          "private": "bnVsbA=="
        }
      ]
    },
    {
      "mode": "managed",
      "type": "aws_network_acl_association",
      "name": "rds_nacl_association",
      "provider": "provider[\"registry.terraform.io/hashicorp/aws\"]",
      "instances": [
        {
          "index_key": "subnet-010cda0f685dbc159",
          "schema_version": 0,
          "attributes": {
            "id": "aclassoc-031efba85da8b8c09",
            "network_acl_id": "acl-024f01e1a099f28bd",
            "subnet_id": "subnet-010cda0f685dbc159"
          },
          "sensitive_attributes": [],
          "private": "bnVsbA==",
          "dependencies": [
            "aws_db_subnet_group.rds_subnet_group",
            "aws_network_acl.rds_nacl"
          ]
        },
        {
          "index_key": "subnet-03725068c7adfc3b8",
          "schema_version": 0,
          "attributes": {
            "id": "aclassoc-01bda13f7b5ff110e",
            "network_acl_id": "acl-024f01e1a099f28bd",
            "subnet_id": "subnet-03725068c7adfc3b8"
          },
          "sensitive_attributes": [],
          "private": "bnVsbA==",
          "dependencies": [
            "aws_db_subnet_group.rds_subnet_group",
            "aws_network_acl.rds_nacl"
          ]
        },
        {
          "index_key": "subnet-04d17f7336d7b99d6",
          "schema_version": 0,
          "attributes": {
            "id": "aclassoc-05c2e33fb94dd8ba8",
            "network_acl_id": "acl-024f01e1a099f28bd",
            "subnet_id": "subnet-04d17f7336d7b99d6"
          },
          "sensitive_attributes": [],
          "private": "bnVsbA==",
          "dependencies": [
            "aws_db_subnet_group.rds_subnet_group",
            "aws_network_acl.rds_nacl"
          ]
        },
        {
          "index_key": "subnet-0836d3f68d5eb1fec",
          "schema_version": 0,
          "attributes": {
            "id": "aclassoc-0a078a35fe82630f5",
            "network_acl_id": "acl-024f01e1a099f28bd",
            "subnet_id": "subnet-0836d3f68d5eb1fec"
          },
          "sensitive_attributes": [],
          "private": "bnVsbA==",
          "dependencies": [
            "aws_db_subnet_group.rds_subnet_group",
            "aws_network_acl.rds_nacl"
          ]
        },
        {
          "index_key": "subnet-0abd514b027bac78c",
          "schema_version": 0,
          "attributes": {
            "id": "aclassoc-07101417e7316a592",
            "network_acl_id": "acl-024f01e1a099f28bd",
            "subnet_id": "subnet-0abd514b027bac78c"
          },
          "sensitive_attributes": [],
          "private": "bnVsbA==",
          "dependencies": [
            "aws_db_subnet_group.rds_subnet_group",
            "aws_network_acl.rds_nacl"
          ]
        },
        {
          "index_key": "subnet-0b410f7c1dcd82b46",
          "schema_version": 0,
          "attributes": {
            "id": "aclassoc-0a5c29c780ddcb67c",
            "network_acl_id": "acl-024f01e1a099f28bd",
            "subnet_id": "subnet-0b410f7c1dcd82b46"
          },
          "sensitive_attributes": [],
          "private": "bnVsbA==",
          "dependencies": [
            "aws_db_subnet_group.rds_subnet_group",
            "aws_network_acl.rds_nacl"
          ]
        }
      ]
    },
    {
      "mode": "managed",
      "type": "aws_s3_bucket",
      "name": "app_bucket",
      "provider": "provider[\"registry.terraform.io/hashicorp/aws\"]",
      "instances": [
        {
          "schema_version": 0,
          "attributes": {
            "acceleration_status": "",
            "acl": "private",
            "arn": "arn:aws:s3:::app-bucket-2lz9r655",
            "bucket": "app-bucket-2lz9r655",
            "bucket_domain_name": "app-bucket-2lz9r655.s3.amazonaws.com",
            "bucket_prefix": "",
            "bucket_regional_domain_name": "app-bucket-2lz9r655.s3.us-east-1.amazonaws.com",
            "cors_rule": [],
            "force_destroy": false,
            "grant": [
              {
                "id": "e084f143806a2ed4a69a0b5a7a3c688ebbdffe79ccb3439bcfae5c255f429210",
                "permissions": [
                  "FULL_CONTROL"
                ],
                "type": "CanonicalUser",
                "uri": ""
              }
            ],
            "hosted_zone_id": "Z3AQBSTGFYJSTF",
            "id": "app-bucket-2lz9r655",
            "lifecycle_rule": [],
            "logging": [],
            "object_lock_configuration": [],
            "object_lock_enabled": false,
            "policy": "",
            "region": "us-east-1",
            "replication_configuration": [],
            "request_payer": "BucketOwner",
            "server_side_encryption_configuration": [
              {
                "rule": [
                  {
                    "apply_server_side_encryption_by_default": [
                      {
                        "kms_master_key_id": "",
                        "sse_algorithm": "AES256"
                      }
                    ],
                    "bucket_key_enabled": false
                  }
                ]
              }
            ],
            "tags": {
              "Name": "AppBucket"
            },
            "tags_all": {
              "Name": "AppBucket"
            },
            "timeouts": null,
            "versioning": [
              {
                "enabled": false,
                "mfa_delete": false
              }
            ],
            "website": [],
            "website_domain": null,
            "website_endpoint": null
          },
          "sensitive_attributes": [],
          "private": "eyJlMmJmYjczMC1lY2FhLTExZTYtOGY4OC0zNDM2M2JjN2M0YzAiOnsiY3JlYXRlIjoxMjAwMDAwMDAwMDAwLCJkZWxldGUiOjM2MDAwMDAwMDAwMDAsInJlYWQiOjEyMDAwMDAwMDAwMDAsInVwZGF0ZSI6MTIwMDAwMDAwMDAwMH19",
          "dependencies": [
            "random_string.bucket_suffix"
          ]
        }
      ]
    },
    {
      "mode": "managed",
      "type": "aws_s3_bucket",
      "name": "kinesis_firehose_bucket",
      "provider": "provider[\"registry.terraform.io/hashicorp/aws\"]",
      "instances": [
        {
          "schema_version": 0,
          "attributes": {
            "acceleration_status": "",
            "acl": "private",
            "arn": "arn:aws:s3:::kinesis-firehose-example-bucket-123456",
            "bucket": "kinesis-firehose-example-bucket-123456",
            "bucket_domain_name": "kinesis-firehose-example-bucket-123456.s3.amazonaws.com",
            "bucket_prefix": "",
            "bucket_regional_domain_name": "kinesis-firehose-example-bucket-123456.s3.us-east-1.amazonaws.com",
            "cors_rule": [],
            "force_destroy": true,
            "grant": [
              {
                "id": "e084f143806a2ed4a69a0b5a7a3c688ebbdffe79ccb3439bcfae5c255f429210",
                "permissions": [
                  "FULL_CONTROL"
                ],
                "type": "CanonicalUser",
                "uri": ""
              }
            ],
            "hosted_zone_id": "Z3AQBSTGFYJSTF",
            "id": "kinesis-firehose-example-bucket-123456",
            "lifecycle_rule": [],
            "logging": [],
            "object_lock_configuration": [],
            "object_lock_enabled": false,
            "policy": "",
            "region": "us-east-1",
            "replication_configuration": [],
            "request_payer": "BucketOwner",
            "server_side_encryption_configuration": [
              {
                "rule": [
                  {
                    "apply_server_side_encryption_by_default": [
                      {
                        "kms_master_key_id": "",
                        "sse_algorithm": "AES256"
                      }
                    ],
                    "bucket_key_enabled": false
                  }
                ]
              }
            ],
            "tags": {},
            "tags_all": {},
            "timeouts": null,
            "versioning": [
              {
                "enabled": true,
                "mfa_delete": false
              }
            ],
            "website": [],
            "website_domain": null,
            "website_endpoint": null
          },
          "sensitive_attributes": [],
          "private": "eyJlMmJmYjczMC1lY2FhLTExZTYtOGY4OC0zNDM2M2JjN2M0YzAiOnsiY3JlYXRlIjoxMjAwMDAwMDAwMDAwLCJkZWxldGUiOjM2MDAwMDAwMDAwMDAsInJlYWQiOjEyMDAwMDAwMDAwMDAsInVwZGF0ZSI6MTIwMDAwMDAwMDAwMH19"
        }
      ]
    },
    {
      "mode": "managed",
      "type": "aws_s3_bucket",
      "name": "static_site_bucket",
      "provider": "provider[\"registry.terraform.io/hashicorp/aws\"]",
      "instances": [
        {
          "schema_version": 0,
          "attributes": {
            "acceleration_status": "",
            "acl": null,
            "arn": "arn:aws:s3:::s3-static-hosting-prateek-poc",
            "bucket": "s3-static-hosting-prateek-poc",
            "bucket_domain_name": "s3-static-hosting-prateek-poc.s3.amazonaws.com",
            "bucket_prefix": "",
            "bucket_regional_domain_name": "s3-static-hosting-prateek-poc.s3.us-east-1.amazonaws.com",
            "cors_rule": [],
            "force_destroy": false,
            "grant": [
              {
                "id": "e084f143806a2ed4a69a0b5a7a3c688ebbdffe79ccb3439bcfae5c255f429210",
                "permissions": [
                  "FULL_CONTROL"
                ],
                "type": "CanonicalUser",
                "uri": ""
              }
            ],
            "hosted_zone_id": "Z3AQBSTGFYJSTF",
            "id": "s3-static-hosting-prateek-poc",
            "lifecycle_rule": [],
            "logging": [],
            "object_lock_configuration": [],
            "object_lock_enabled": false,
            "policy": "{\"Statement\":[{\"Action\":\"s3:GetObject\",\"Effect\":\"Allow\",\"Principal\":\"*\",\"Resource\":\"arn:aws:s3:::s3-static-hosting-prateek-poc/*\",\"Sid\":\"PublicReadGetObject\"}],\"Version\":\"2012-10-17\"}",
            "region": "us-east-1",
            "replication_configuration": [],
            "request_payer": "BucketOwner",
            "server_side_encryption_configuration": [
              {
                "rule": [
                  {
                    "apply_server_side_encryption_by_default": [
                      {
                        "kms_master_key_id": "",
                        "sse_algorithm": "AES256"
                      }
                    ],
                    "bucket_key_enabled": false
                  }
                ]
              }
            ],
            "tags": {
              "Environment": "POC",
              "Name": "StaticWebsiteBucket"
            },
            "tags_all": {
              "Environment": "POC",
              "Name": "StaticWebsiteBucket"
            },
            "timeouts": null,
            "versioning": [
              {
                "enabled": false,
                "mfa_delete": false
              }
            ],
            "website": [
              {
                "error_document": "error.html",
                "index_document": "index.html",
                "redirect_all_requests_to": "",
                "routing_rules": ""
              }
            ],
            "website_domain": "s3-website-us-east-1.amazonaws.com",
            "website_endpoint": "s3-static-hosting-prateek-poc.s3-website-us-east-1.amazonaws.com"
          },
          "sensitive_attributes": [],
          "private": "eyJlMmJmYjczMC1lY2FhLTExZTYtOGY4OC0zNDM2M2JjN2M0YzAiOnsiY3JlYXRlIjoxMjAwMDAwMDAwMDAwLCJkZWxldGUiOjM2MDAwMDAwMDAwMDAsInJlYWQiOjEyMDAwMDAwMDAwMDAsInVwZGF0ZSI6MTIwMDAwMDAwMDAwMH19"
        }
      ]
    },
    {
      "mode": "managed",
      "type": "aws_s3_bucket_acl",
      "name": "app_bucket_acl",
      "provider": "provider[\"registry.terraform.io/hashicorp/aws\"]",
      "instances": [
        {
          "schema_version": 0,
          "attributes": {
            "access_control_policy": [
              {
                "grant": [
                  {
                    "grantee": [
                      {
                        "display_name": "praras5",
                        "email_address": "",
                        "id": "e084f143806a2ed4a69a0b5a7a3c688ebbdffe79ccb3439bcfae5c255f429210",
                        "type": "CanonicalUser",
                        "uri": ""
                      }
                    ],
                    "permission": "FULL_CONTROL"
                  }
                ],
                "owner": [
                  {
                    "display_name": "praras5",
                    "id": "e084f143806a2ed4a69a0b5a7a3c688ebbdffe79ccb3439bcfae5c255f429210"
                  }
                ]
              }
            ],
            "acl": "private",
            "bucket": "app-bucket-2lz9r655",
            "expected_bucket_owner": "",
            "id": "app-bucket-2lz9r655,private"
          },
          "sensitive_attributes": [],
          "private": "bnVsbA==",
          "dependencies": [
            "aws_s3_bucket.app_bucket",
            "aws_s3_bucket_ownership_controls.app_bucket_ownership",
            "aws_s3_bucket_public_access_block.app_bucket_public_access",
            "random_string.bucket_suffix"
          ]
        }
      ]
    },
    {
      "mode": "managed",
      "type": "aws_s3_bucket_object",
      "name": "error",
      "provider": "provider[\"registry.terraform.io/hashicorp/aws\"]",
      "instances": [
        {
          "schema_version": 0,
          "attributes": {
            "acl": "private",
            "arn": "arn:aws:s3:::s3-static-hosting-prateek-poc/error.html",
            "bucket": "s3-static-hosting-prateek-poc",
            "bucket_key_enabled": false,
            "cache_control": "",
            "content": null,
            "content_base64": null,
            "content_disposition": "",
            "content_encoding": "",
            "content_language": "",
            "content_type": "text/html",
            "etag": "ec622963113bc27fe8cb80bbbec2d757",
            "force_destroy": false,
            "id": "error.html",
            "key": "error.html",
            "kms_key_id": null,
            "metadata": {},
            "object_lock_legal_hold_status": "",
            "object_lock_mode": "",
            "object_lock_retain_until_date": "",
            "server_side_encryption": "AES256",
            "source": "./website/error.html",
            "source_hash": null,
            "storage_class": "STANDARD",
            "tags": {},
            "tags_all": {},
            "version_id": "",
            "website_redirect": ""
          },
          "sensitive_attributes": [],
          "private": "bnVsbA==",
          "dependencies": [
            "aws_s3_bucket.static_site_bucket"
          ]
        }
      ]
    },
    {
      "mode": "managed",
      "type": "aws_s3_bucket_object",
      "name": "index",
      "provider": "provider[\"registry.terraform.io/hashicorp/aws\"]",
      "instances": [
        {
          "schema_version": 0,
          "attributes": {
            "acl": "private",
            "arn": "arn:aws:s3:::s3-static-hosting-prateek-poc/index.html",
            "bucket": "s3-static-hosting-prateek-poc",
            "bucket_key_enabled": false,
            "cache_control": "",
            "content": null,
            "content_base64": null,
            "content_disposition": "",
            "content_encoding": "",
            "content_language": "",
            "content_type": "text/html",
            "etag": "2a70d2dc8d2af894aa146501444c79f7",
            "force_destroy": false,
            "id": "index.html",
            "key": "index.html",
            "kms_key_id": null,
            "metadata": {},
            "object_lock_legal_hold_status": "",
            "object_lock_mode": "",
            "object_lock_retain_until_date": "",
            "server_side_encryption": "AES256",
            "source": "./website/index.html",
            "source_hash": null,
            "storage_class": "STANDARD",
            "tags": {},
            "tags_all": {},
            "version_id": "",
            "website_redirect": ""
          },
          "sensitive_attributes": [],
          "private": "bnVsbA==",
          "dependencies": [
            "aws_s3_bucket.static_site_bucket"
          ]
        }
      ]
    },
    {
      "mode": "managed",
      "type": "aws_s3_bucket_ownership_controls",
      "name": "app_bucket_ownership",
      "provider": "provider[\"registry.terraform.io/hashicorp/aws\"]",
      "instances": [
        {
          "schema_version": 0,
          "attributes": {
            "bucket": "app-bucket-2lz9r655",
            "id": "app-bucket-2lz9r655",
            "rule": [
              {
                "object_ownership": "BucketOwnerPreferred"
              }
            ]
          },
          "sensitive_attributes": [],
          "private": "bnVsbA==",
          "dependencies": [
            "aws_s3_bucket.app_bucket",
            "random_string.bucket_suffix"
          ]
        }
      ]
    },
    {
      "mode": "managed",
      "type": "aws_s3_bucket_ownership_controls",
      "name": "static_site_bucket_ownership",
      "provider": "provider[\"registry.terraform.io/hashicorp/aws\"]",
      "instances": [
        {
          "schema_version": 0,
          "attributes": {
            "bucket": "s3-static-hosting-prateek-poc",
            "id": "s3-static-hosting-prateek-poc",
            "rule": [
              {
                "object_ownership": "BucketOwnerPreferred"
              }
            ]
          },
          "sensitive_attributes": [],
          "private": "bnVsbA==",
          "dependencies": [
            "aws_s3_bucket.static_site_bucket"
          ]
        }
      ]
    },
    {
      "mode": "managed",
      "type": "aws_s3_bucket_policy",
      "name": "public_read_policy",
      "provider": "provider[\"registry.terraform.io/hashicorp/aws\"]",
      "instances": [
        {
          "schema_version": 0,
          "attributes": {
            "bucket": "s3-static-hosting-prateek-poc",
            "id": "s3-static-hosting-prateek-poc",
            "policy": "{\"Statement\":[{\"Action\":\"s3:GetObject\",\"Effect\":\"Allow\",\"Principal\":\"*\",\"Resource\":\"arn:aws:s3:::s3-static-hosting-prateek-poc/*\",\"Sid\":\"PublicReadGetObject\"}],\"Version\":\"2012-10-17\"}"
          },
          "sensitive_attributes": [],
          "private": "bnVsbA==",
          "dependencies": [
            "aws_s3_bucket.static_site_bucket",
            "aws_s3_bucket_public_access_block.static_site_bucket_public_access"
          ]
        }
      ]
    },
    {
      "mode": "managed",
      "type": "aws_s3_bucket_public_access_block",
      "name": "app_bucket_public_access",
      "provider": "provider[\"registry.terraform.io/hashicorp/aws\"]",
      "instances": [
        {
          "schema_version": 0,
          "attributes": {
            "block_public_acls": false,
            "block_public_policy": false,
            "bucket": "app-bucket-2lz9r655",
            "id": "app-bucket-2lz9r655",
            "ignore_public_acls": false,
            "restrict_public_buckets": false
          },
          "sensitive_attributes": [],
          "private": "bnVsbA==",
          "dependencies": [
            "aws_s3_bucket.app_bucket",
            "random_string.bucket_suffix"
          ]
        }
      ]
    },
    {
      "mode": "managed",
      "type": "aws_s3_bucket_public_access_block",
      "name": "static_site_bucket_public_access",
      "provider": "provider[\"registry.terraform.io/hashicorp/aws\"]",
      "instances": [
        {
          "schema_version": 0,
          "attributes": {
            "block_public_acls": false,
            "block_public_policy": false,
            "bucket": "s3-static-hosting-prateek-poc",
            "id": "s3-static-hosting-prateek-poc",
            "ignore_public_acls": false,
            "restrict_public_buckets": false
          },
          "sensitive_attributes": [],
          "private": "bnVsbA==",
          "dependencies": [
            "aws_s3_bucket.static_site_bucket"
          ]
        }
      ]
    },
    {
      "mode": "managed",
      "type": "aws_security_group",
      "name": "app_server_sg",
      "provider": "provider[\"registry.terraform.io/hashicorp/aws\"]",
      "instances": [
        {
          "schema_version": 1,
          "attributes": {
            "arn": "arn:aws:ec2:us-east-1:014498640669:security-group/sg-00eefe50281403b2b",
            "description": "Security group for the application server",
            "egress": [
              {
                "cidr_blocks": [
                  "0.0.0.0/0"
                ],
                "description": "",
                "from_port": 0,
                "ipv6_cidr_blocks": [],
                "prefix_list_ids": [],
                "protocol": "-1",
                "security_groups": [],
                "self": false,
                "to_port": 0
              }
            ],
            "id": "sg-00eefe50281403b2b",
            "ingress": [
              {
                "cidr_blocks": [
                  "0.0.0.0/0"
                ],
                "description": "HTTP from anywhere",
                "from_port": 80,
                "ipv6_cidr_blocks": [],
                "prefix_list_ids": [],
                "protocol": "tcp",
                "security_groups": [],
                "self": false,
                "to_port": 80
              },
              {
                "cidr_blocks": [
                  "0.0.0.0/0"
                ],
                "description": "SSH from anywhere",
                "from_port": 22,
                "ipv6_cidr_blocks": [],
                "prefix_list_ids": [],
                "protocol": "tcp",
                "security_groups": [],
                "self": false,
                "to_port": 22
              }
            ],
            "name": "app_server_security_group",
            "name_prefix": "",
            "owner_id": "014498640669",
            "revoke_rules_on_delete": false,
            "tags": {
              "Name": "app_server_security_group"
            },
            "tags_all": {
              "Name": "app_server_security_group"
            },
            "timeouts": null,
            "vpc_id": "vpc-0de37fbbc866cf6e7"
          },
          "sensitive_attributes": [],
          "private": "eyJlMmJmYjczMC1lY2FhLTExZTYtOGY4OC0zNDM2M2JjN2M0YzAiOnsiY3JlYXRlIjo2MDAwMDAwMDAwMDAsImRlbGV0ZSI6OTAwMDAwMDAwMDAwfSwic2NoZW1hX3ZlcnNpb24iOiIxIn0="
        }
      ]
    },
    {
      "mode": "managed",
      "type": "aws_security_group",
      "name": "rds_sg",
      "provider": "provider[\"registry.terraform.io/hashicorp/aws\"]",
      "instances": [
        {
          "schema_version": 1,
          "attributes": {
            "arn": "arn:aws:ec2:us-east-1:014498640669:security-group/sg-0d6b40e4470e6b0e0",
            "description": "Security group for RDS instance",
            "egress": [
              {
                "cidr_blocks": [
                  "0.0.0.0/0"
                ],
                "description": "",
                "from_port": 0,
                "ipv6_cidr_blocks": [],
                "prefix_list_ids": [],
                "protocol": "tcp",
                "security_groups": [],
                "self": false,
                "to_port": 65535
              }
            ],
            "id": "sg-0d6b40e4470e6b0e0",
            "ingress": [
              {
                "cidr_blocks": [
                  "203.192.251.11/32"
                ],
                "description": "",
                "from_port": 5432,
                "ipv6_cidr_blocks": [],
                "prefix_list_ids": [],
                "protocol": "tcp",
                "security_groups": [],
                "self": false,
                "to_port": 5432
              }
            ],
            "name": "rds-security-group",
            "name_prefix": "",
            "owner_id": "014498640669",
            "revoke_rules_on_delete": false,
            "tags": {},
            "tags_all": {},
            "timeouts": null,
            "vpc_id": "vpc-0de37fbbc866cf6e7"
          },
          "sensitive_attributes": [],
          "private": "eyJlMmJmYjczMC1lY2FhLTExZTYtOGY4OC0zNDM2M2JjN2M0YzAiOnsiY3JlYXRlIjo2MDAwMDAwMDAwMDAsImRlbGV0ZSI6OTAwMDAwMDAwMDAwfSwic2NoZW1hX3ZlcnNpb24iOiIxIn0="
        }
      ]
    },
    {
      "mode": "managed",
      "type": "aws_security_group_rule",
      "name": "ec2_to_rds",
      "provider": "provider[\"registry.terraform.io/hashicorp/aws\"]",
      "instances": [
        {
          "schema_version": 2,
          "attributes": {
            "cidr_blocks": null,
            "description": null,
            "from_port": 5432,
            "id": "sgrule-1032407166",
            "ipv6_cidr_blocks": null,
            "prefix_list_ids": null,
            "protocol": "tcp",
            "security_group_id": "sg-00eefe50281403b2b",
            "security_group_rule_id": "",
            "self": false,
            "source_security_group_id": "sg-0d6b40e4470e6b0e0",
            "timeouts": null,
            "to_port": 5432,
            "type": "egress"
          },
          "sensitive_attributes": [],
          "private": "eyJlMmJmYjczMC1lY2FhLTExZTYtOGY4OC0zNDM2M2JjN2M0YzAiOnsiY3JlYXRlIjozMDAwMDAwMDAwMDB9LCJzY2hlbWFfdmVyc2lvbiI6IjIifQ==",
          "dependencies": [
            "aws_security_group.app_server_sg",
            "aws_security_group.rds_sg"
          ]
        }
      ]
    },
    {
      "mode": "managed",
      "type": "aws_security_group_rule",
      "name": "rds_from_ec2",
      "provider": "provider[\"registry.terraform.io/hashicorp/aws\"]",
      "instances": [
        {
          "schema_version": 2,
          "attributes": {
            "cidr_blocks": null,
            "description": null,
            "from_port": 5432,
            "id": "sgrule-2010694818",
            "ipv6_cidr_blocks": null,
            "prefix_list_ids": null,
            "protocol": "tcp",
            "security_group_id": "sg-0d6b40e4470e6b0e0",
            "security_group_rule_id": "",
            "self": false,
            "source_security_group_id": "sg-00eefe50281403b2b",
            "timeouts": null,
            "to_port": 5432,
            "type": "ingress"
          },
          "sensitive_attributes": [],
          "private": "eyJlMmJmYjczMC1lY2FhLTExZTYtOGY4OC0zNDM2M2JjN2M0YzAiOnsiY3JlYXRlIjozMDAwMDAwMDAwMDB9LCJzY2hlbWFfdmVyc2lvbiI6IjIifQ==",
          "dependencies": [
            "aws_security_group.app_server_sg",
            "aws_security_group.rds_sg"
          ]
        }
      ]
    },
    {
      "mode": "managed",
      "type": "aws_sqs_queue",
      "name": "order_dlq",
      "provider": "provider[\"registry.terraform.io/hashicorp/aws\"]",
      "instances": [
        {
          "schema_version": 0,
          "attributes": {
            "arn": "arn:aws:sqs:us-east-1:014498640669:order-dead-letter-queue",
            "content_based_deduplication": false,
            "deduplication_scope": "",
            "delay_seconds": 0,
            "fifo_queue": false,
            "fifo_throughput_limit": "",
            "id": "https://sqs.us-east-1.amazonaws.com/014498640669/order-dead-letter-queue",
            "kms_data_key_reuse_period_seconds": 300,
            "kms_master_key_id": "",
            "max_message_size": 262144,
            "message_retention_seconds": 1209600,
            "name": "order-dead-letter-queue",
            "name_prefix": "",
            "policy": "",
            "receive_wait_time_seconds": 0,
            "redrive_allow_policy": "",
            "redrive_policy": "",
            "sqs_managed_sse_enabled": true,
            "tags": {},
            "tags_all": {},
            "url": "https://sqs.us-east-1.amazonaws.com/014498640669/order-dead-letter-queue",
            "visibility_timeout_seconds": 30
          },
          "sensitive_attributes": [],
          "private": "bnVsbA=="
        }
      ]
    },
    {
      "mode": "managed",
      "type": "aws_sqs_queue",
      "name": "order_queue",
      "provider": "provider[\"registry.terraform.io/hashicorp/aws\"]",
      "instances": [
        {
          "schema_version": 0,
          "attributes": {
            "arn": "arn:aws:sqs:us-east-1:014498640669:order-processing-queue",
            "content_based_deduplication": false,
            "deduplication_scope": "",
            "delay_seconds": 0,
            "fifo_queue": false,
            "fifo_throughput_limit": "",
            "id": "https://sqs.us-east-1.amazonaws.com/014498640669/order-processing-queue",
            "kms_data_key_reuse_period_seconds": 300,
            "kms_master_key_id": "",
            "max_message_size": 262144,
            "message_retention_seconds": 86400,
            "name": "order-processing-queue",
            "name_prefix": "",
            "policy": "{\"Statement\":[{\"Action\":\"sqs:*\",\"Effect\":\"Allow\",\"Principal\":{\"AWS\":\"*\"},\"Resource\":\"arn:aws:sqs:us-east-1:014498640669:order-processing-queue\"}],\"Version\":\"2012-10-17\"}",
            "receive_wait_time_seconds": 0,
            "redrive_allow_policy": "",
            "redrive_policy": "{\"deadLetterTargetArn\":\"arn:aws:sqs:us-east-1:014498640669:order-dead-letter-queue\",\"maxReceiveCount\":5}",
            "sqs_managed_sse_enabled": true,
            "tags": {},
            "tags_all": {},
            "url": "https://sqs.us-east-1.amazonaws.com/014498640669/order-processing-queue",
            "visibility_timeout_seconds": 30
          },
          "sensitive_attributes": [],
          "private": "bnVsbA==",
          "dependencies": [
            "aws_sqs_queue.order_dlq"
          ]
        }
      ]
    },
    {
      "mode": "managed",
      "type": "aws_sqs_queue_policy",
      "name": "order_queue_policy",
      "provider": "provider[\"registry.terraform.io/hashicorp/aws\"]",
      "instances": [
        {
          "schema_version": 1,
          "attributes": {
            "id": "https://sqs.us-east-1.amazonaws.com/014498640669/order-processing-queue",
            "policy": "{\"Statement\":[{\"Action\":\"sqs:*\",\"Effect\":\"Allow\",\"Principal\":{\"AWS\":\"*\"},\"Resource\":\"arn:aws:sqs:us-east-1:014498640669:order-processing-queue\"}],\"Version\":\"2012-10-17\"}",
            "queue_url": "https://sqs.us-east-1.amazonaws.com/014498640669/order-processing-queue"
          },
          "sensitive_attributes": [],
          "private": "eyJzY2hlbWFfdmVyc2lvbiI6IjEifQ==",
          "dependencies": [
            "aws_sqs_queue.order_dlq",
            "aws_sqs_queue.order_queue",
            "data.aws_iam_policy_document.order_queue_policy"
          ]
        }
      ]
    },
    {
      "mode": "managed",
      "type": "random_string",
      "name": "bucket_suffix",
      "provider": "provider[\"registry.terraform.io/hashicorp/random\"]",
      "instances": [
        {
          "schema_version": 2,
          "attributes": {
            "id": "2lz9r655",
            "keepers": null,
            "length": 8,
            "lower": true,
            "min_lower": 0,
            "min_numeric": 0,
            "min_special": 0,
            "min_upper": 0,
            "number": true,
            "numeric": true,
            "override_special": null,
            "result": "2lz9r655",
            "special": false,
            "upper": false
          },
          "sensitive_attributes": []
        }
      ]
    },
    {
      "mode": "managed",
      "type": "time_sleep",
      "name": "wait_for_db",
      "provider": "provider[\"registry.terraform.io/hashicorp/time\"]",
      "instances": [
        {
          "schema_version": 0,
          "attributes": {
            "create_duration": "5m",
            "destroy_duration": null,
            "id": "2024-10-02T17:03:48Z",
            "triggers": null
          },
          "sensitive_attributes": [],
          "dependencies": [
            "aws_db_instance.primary",
            "aws_security_group.rds_sg"
          ]
        }
      ]
    },
    {
      "mode": "managed",
      "type": "time_sleep",
      "name": "wait_for_policy_propagation",
      "provider": "provider[\"registry.terraform.io/hashicorp/time\"]",
      "instances": [
        {
          "schema_version": 0,
          "attributes": {
            "create_duration": "30s",
            "destroy_duration": null,
            "id": "2024-10-02T04:40:59Z",
            "triggers": null
          },
          "sensitive_attributes": [],
          "dependencies": [
            "aws_iam_policy.glue_job_creation_policy",
            "aws_iam_role.glue_service_role",
            "aws_iam_role_policy_attachment.glue_job_creation_policy_attachment",
            "aws_iam_role_policy_attachment.glue_s3_full_access",
            "aws_iam_role_policy_attachment.glue_service_role"
          ]
        }
      ]
    }
  ],
  "check_results": null
}
